
Microsoft Visual Studio Solution File, Format Version 12.00
# Visual Studio Version 17
VisualStudioVersion = 17.2.32630.192
MinimumVisualStudioVersion = 10.0.40219.1
Project("{9A19103F-16F7-4668-BE54-9A1E7A4F7556}") = "R5T.F0050", "R5T.F0050\R5T.F0050.csproj", "{FE607810-EA2B-4BD4-BF26-A77EFCC3D1CD}"
EndProject
Project("{2150E333-8FDC-42A3-9474-1A3956D46DE8}") = "_Dependencies", "_Dependencies", "{E2D4A4CE-AF6D-40D4-BD16-3B857CABCD01}"
EndProject
Project("{9A19103F-16F7-4668-BE54-9A1E7A4F7556}") = "R5T.T0132", "..\..\R5T.T0132\source\R5T.T0132\R5T.T0132.csproj", "{413251FB-4C15-4678-84E6-633B483787A4}"
EndProject
Project("{9A19103F-16F7-4668-BE54-9A1E7A4F7556}") = "R5T.T0131", "..\..\R5T.T0131\source\R5T.T0131\R5T.T0131.csproj", "{D3F09220-6715-4918-A199-5FCBEF57BCA4}"
EndProject
Project("{9A19103F-16F7-4668-BE54-9A1E7A4F7556}") = "R5T.F0000", "..\..\R5T.F0000\source\R5T.F0000\R5T.F0000.csproj", "{641205B4-F728-4A52-9594-ED815250E18E}"
EndProject
Project("{9A19103F-16F7-4668-BE54-9A1E7A4F7556}") = "R5T.F0002", "..\..\R5T.F0002\source\R5T.F0002\R5T.F0002.csproj", "{0B8AD182-0C36-4CA9-BF23-AAD6F1AD94EC}"
EndProject
Project("{9A19103F-16F7-4668-BE54-9A1E7A4F7556}") = "R5T.L0066", "..\..\R5T.L0066\source\R5T.L0066\R5T.L0066.csproj", "{E78732D8-24F6-48C0-A540-D1219AFC6FD4}"
EndProject
Project("{9A19103F-16F7-4668-BE54-9A1E7A4F7556}") = "R5T.T0142", "..\..\R5T.T0142\source\R5T.T0142\R5T.T0142.csproj", "{3AE11859-9101-402C-BEF9-45CE25978493}"
EndProject
Project("{9A19103F-16F7-4668-BE54-9A1E7A4F7556}") = "R5T.T0143", "..\..\R5T.T0143\source\R5T.T0143\R5T.T0143.csproj", "{8A89048C-179A-4EC6-A5F0-58B1AD1FCD88}"
EndProject
Project("{9A19103F-16F7-4668-BE54-9A1E7A4F7556}") = "R5T.T0156", "..\..\R5T.T0156\source\R5T.T0156\R5T.T0156.csproj", "{7CDF8CCF-E033-45DF-8DFF-29C008F295E8}"
EndProject
Project("{9A19103F-16F7-4668-BE54-9A1E7A4F7556}") = "R5T.T0241", "..\..\R5T.T0241\source\R5T.T0241\R5T.T0241.csproj", "{73D805FB-EFBB-456B-AD1A-198581C9F5EF}"
EndProject
Project("{9A19103F-16F7-4668-BE54-9A1E7A4F7556}") = "R5T.Y0006", "..\..\R5T.Y0006\source\R5T.Y0006\R5T.Y0006.csproj", "{CEF35F42-F3AB-4A7E-A540-40285ECB40DB}"
EndProject
Project("{9A19103F-16F7-4668-BE54-9A1E7A4F7556}") = "R5T.Z0072.Z000", "..\..\R5T.Z0072\source\R5T.Z0072.Z000\R5T.Z0072.Z000.csproj", "{70543DD5-4EF5-450B-A71E-C688E151D1C0}"
EndProject
Project("{9A19103F-16F7-4668-BE54-9A1E7A4F7556}") = "R5T.Z0072.Z002", "..\..\R5T.Z0072\source\R5T.Z0072.Z002\R5T.Z0072.Z002.csproj", "{C0C6199A-C558-4BB9-A572-C27F39949341}"
EndProject
Global
	GlobalSection(NestedProjects) = preSolution
		{413251FB-4C15-4678-84E6-633B483787A4} = {E2D4A4CE-AF6D-40D4-BD16-3B857CABCD01}
		{D3F09220-6715-4918-A199-5FCBEF57BCA4} = {E2D4A4CE-AF6D-40D4-BD16-3B857CABCD01}
		{641205B4-F728-4A52-9594-ED815250E18E} = {E2D4A4CE-AF6D-40D4-BD16-3B857CABCD01}
		{0B8AD182-0C36-4CA9-BF23-AAD6F1AD94EC} = {E2D4A4CE-AF6D-40D4-BD16-3B857CABCD01}
		{E78732D8-24F6-48C0-A540-D1219AFC6FD4} = {E2D4A4CE-AF6D-40D4-BD16-3B857CABCD01}
		{3AE11859-9101-402C-BEF9-45CE25978493} = {E2D4A4CE-AF6D-40D4-BD16-3B857CABCD01}
		{8A89048C-179A-4EC6-A5F0-58B1AD1FCD88} = {E2D4A4CE-AF6D-40D4-BD16-3B857CABCD01}
		{7CDF8CCF-E033-45DF-8DFF-29C008F295E8} = {E2D4A4CE-AF6D-40D4-BD16-3B857CABCD01}
		{73D805FB-EFBB-456B-AD1A-198581C9F5EF} = {E2D4A4CE-AF6D-40D4-BD16-3B857CABCD01}
		{CEF35F42-F3AB-4A7E-A540-40285ECB40DB} = {E2D4A4CE-AF6D-40D4-BD16-3B857CABCD01}
		{70543DD5-4EF5-450B-A71E-C688E151D1C0} = {E2D4A4CE-AF6D-40D4-BD16-3B857CABCD01}
		{C0C6199A-C558-4BB9-A572-C27F39949341} = {E2D4A4CE-AF6D-40D4-BD16-3B857CABCD01}
	EndGlobalSection
	GlobalSection(SolutionConfigurationPlatforms) = preSolution
		Debug|Any CPU = Debug|Any CPU
		Release|Any CPU = Release|Any CPU
	EndGlobalSection
	GlobalSection(ProjectConfigurationPlatforms) = postSolution
		{FE607810-EA2B-4BD4-BF26-A77EFCC3D1CD}.Debug|Any CPU.ActiveCfg = Debug|Any CPU
		{FE607810-EA2B-4BD4-BF26-A77EFCC3D1CD}.Debug|Any CPU.Build.0 = Debug|Any CPU
		{FE607810-EA2B-4BD4-BF26-A77EFCC3D1CD}.Release|Any CPU.ActiveCfg = Release|Any CPU
		{FE607810-EA2B-4BD4-BF26-A77EFCC3D1CD}.Release|Any CPU.Build.0 = Release|Any CPU
		{413251FB-4C15-4678-84E6-633B483787A4}.Debug|Any CPU.ActiveCfg = Debug|Any CPU
		{413251FB-4C15-4678-84E6-633B483787A4}.Debug|Any CPU.Build.0 = Debug|Any CPU
		{413251FB-4C15-4678-84E6-633B483787A4}.Release|Any CPU.ActiveCfg = Release|Any CPU
		{413251FB-4C15-4678-84E6-633B483787A4}.Release|Any CPU.Build.0 = Release|Any CPU
		{D3F09220-6715-4918-A199-5FCBEF57BCA4}.Debug|Any CPU.ActiveCfg = Debug|Any CPU
		{D3F09220-6715-4918-A199-5FCBEF57BCA4}.Debug|Any CPU.Build.0 = Debug|Any CPU
		{D3F09220-6715-4918-A199-5FCBEF57BCA4}.Release|Any CPU.ActiveCfg = Release|Any CPU
		{D3F09220-6715-4918-A199-5FCBEF57BCA4}.Release|Any CPU.Build.0 = Release|Any CPU
		{641205B4-F728-4A52-9594-ED815250E18E}.Debug|Any CPU.ActiveCfg = Debug|Any CPU
		{641205B4-F728-4A52-9594-ED815250E18E}.Debug|Any CPU.Build.0 = Debug|Any CPU
		{641205B4-F728-4A52-9594-ED815250E18E}.Release|Any CPU.ActiveCfg = Release|Any CPU
		{641205B4-F728-4A52-9594-ED815250E18E}.Release|Any CPU.Build.0 = Release|Any CPU
		{0B8AD182-0C36-4CA9-BF23-AAD6F1AD94EC}.Debug|Any CPU.ActiveCfg = Debug|Any CPU
		{0B8AD182-0C36-4CA9-BF23-AAD6F1AD94EC}.Debug|Any CPU.Build.0 = Debug|Any CPU
		{0B8AD182-0C36-4CA9-BF23-AAD6F1AD94EC}.Release|Any CPU.ActiveCfg = Release|Any CPU
		{0B8AD182-0C36-4CA9-BF23-AAD6F1AD94EC}.Release|Any CPU.Build.0 = Release|Any CPU
		{E78732D8-24F6-48C0-A540-D1219AFC6FD4}.Debug|Any CPU.ActiveCfg = Debug|Any CPU
		{E78732D8-24F6-48C0-A540-D1219AFC6FD4}.Debug|Any CPU.Build.0 = Debug|Any CPU
		{E78732D8-24F6-48C0-A540-D1219AFC6FD4}.Release|Any CPU.ActiveCfg = Release|Any CPU
		{E78732D8-24F6-48C0-A540-D1219AFC6FD4}.Release|Any CPU.Build.0 = Release|Any CPU
		{3AE11859-9101-402C-BEF9-45CE25978493}.Debug|Any CPU.ActiveCfg = Debug|Any CPU
		{3AE11859-9101-402C-BEF9-45CE25978493}.Debug|Any CPU.Build.0 = Debug|Any CPU
		{3AE11859-9101-402C-BEF9-45CE25978493}.Release|Any CPU.ActiveCfg = Release|Any CPU
		{3AE11859-9101-402C-BEF9-45CE25978493}.Release|Any CPU.Build.0 = Release|Any CPU
		{8A89048C-179A-4EC6-A5F0-58B1AD1FCD88}.Debug|Any CPU.ActiveCfg = Debug|Any CPU
		{8A89048C-179A-4EC6-A5F0-58B1AD1FCD88}.Debug|Any CPU.Build.0 = Debug|Any CPU
		{8A89048C-179A-4EC6-A5F0-58B1AD1FCD88}.Release|Any CPU.ActiveCfg = Release|Any CPU
		{8A89048C-179A-4EC6-A5F0-58B1AD1FCD88}.Release|Any CPU.Build.0 = Release|Any CPU
		{7CDF8CCF-E033-45DF-8DFF-29C008F295E8}.Debug|Any CPU.ActiveCfg = Debug|Any CPU
		{7CDF8CCF-E033-45DF-8DFF-29C008F295E8}.Debug|Any CPU.Build.0 = Debug|Any CPU
		{7CDF8CCF-E033-45DF-8DFF-29C008F295E8}.Release|Any CPU.ActiveCfg = Release|Any CPU
		{7CDF8CCF-E033-45DF-8DFF-29C008F295E8}.Release|Any CPU.Build.0 = Release|Any CPU
		{73D805FB-EFBB-456B-AD1A-198581C9F5EF}.Debug|Any CPU.ActiveCfg = Debug|Any CPU
		{73D805FB-EFBB-456B-AD1A-198581C9F5EF}.Debug|Any CPU.Build.0 = Debug|Any CPU
		{73D805FB-EFBB-456B-AD1A-198581C9F5EF}.Release|Any CPU.ActiveCfg = Release|Any CPU
		{73D805FB-EFBB-456B-AD1A-198581C9F5EF}.Release|Any CPU.Build.0 = Release|Any CPU
		{CEF35F42-F3AB-4A7E-A540-40285ECB40DB}.Debug|Any CPU.ActiveCfg = Debug|Any CPU
		{CEF35F42-F3AB-4A7E-A540-40285ECB40DB}.Debug|Any CPU.Build.0 = Debug|Any CPU
		{CEF35F42-F3AB-4A7E-A540-40285ECB40DB}.Release|Any CPU.ActiveCfg = Release|Any CPU
		{CEF35F42-F3AB-4A7E-A540-40285ECB40DB}.Release|Any CPU.Build.0 = Release|Any CPU
		{70543DD5-4EF5-450B-A71E-C688E151D1C0}.Debug|Any CPU.ActiveCfg = Debug|Any CPU
		{70543DD5-4EF5-450B-A71E-C688E151D1C0}.Debug|Any CPU.Build.0 = Debug|Any CPU
		{70543DD5-4EF5-450B-A71E-C688E151D1C0}.Release|Any CPU.ActiveCfg = Release|Any CPU
		{70543DD5-4EF5-450B-A71E-C688E151D1C0}.Release|Any CPU.Build.0 = Release|Any CPU
		{C0C6199A-C558-4BB9-A572-C27F39949341}.Debug|Any CPU.ActiveCfg = Debug|Any CPU
		{C0C6199A-C558-4BB9-A572-C27F39949341}.Debug|Any CPU.Build.0 = Debug|Any CPU
		{C0C6199A-C558-4BB9-A572-C27F39949341}.Release|Any CPU.ActiveCfg = Release|Any CPU
		{C0C6199A-C558-4BB9-A572-C27F39949341}.Release|Any CPU.Build.0 = Release|Any CPU
	EndGlobalSection
	GlobalSection(SolutionProperties) = preSolution
		HideSolutionNode = FALSE
	EndGlobalSection
	GlobalSection(ExtensibilityGlobals) = postSolution
		SolutionGuid = {A1A5F5A6-040D-4076-95FD-B210939BFB08}
	EndGlobalSection
EndGlobal
