
Microsoft Visual Studio Solution File, Format Version 12.00
# Visual Studio Version 17
VisualStudioVersion = 17.2.32630.192
MinimumVisualStudioVersion = 10.0.40219.1
Project("{9A19103F-16F7-4668-BE54-9A1E7A4F7556}") = "R5T.F0050.Construction", "R5T.F0050.Construction\R5T.F0050.Construction.csproj", "{D5EB94AA-2098-4143-9601-6C711F54D4AC}"
EndProject
Project("{9A19103F-16F7-4668-BE54-9A1E7A4F7556}") = "R5T.F0050", "R5T.F0050\R5T.F0050.csproj", "{73D4FC3F-1EE1-44A9-8153-51FD60D4CBAD}"
EndProject
Project("{2150E333-8FDC-42A3-9474-1A3956D46DE8}") = "_Dependencies", "_Dependencies", "{73D3B7BD-4F4E-44D7-A6A5-C66128510E74}"
EndProject
Project("{9A19103F-16F7-4668-BE54-9A1E7A4F7556}") = "R5T.F0000", "..\..\R5T.F0000\source\R5T.F0000\R5T.F0000.csproj", "{8CF6DBB8-53D3-4974-AB0F-53958A040FAD}"
EndProject
Project("{9A19103F-16F7-4668-BE54-9A1E7A4F7556}") = "R5T.F0002", "..\..\R5T.F0002\source\R5T.F0002\R5T.F0002.csproj", "{D976DFCC-BD74-403F-9DAE-254EC754B52F}"
EndProject
Project("{9A19103F-16F7-4668-BE54-9A1E7A4F7556}") = "R5T.L0053", "..\..\R5T.L0053\source\R5T.L0053\R5T.L0053.csproj", "{3C21604E-F955-4549-88D6-4C43A783E876}"
EndProject
Project("{9A19103F-16F7-4668-BE54-9A1E7A4F7556}") = "R5T.L0066", "..\..\R5T.L0066\source\R5T.L0066\R5T.L0066.csproj", "{22C47EEB-3BD3-44B5-8254-D11A2955E89E}"
EndProject
Project("{9A19103F-16F7-4668-BE54-9A1E7A4F7556}") = "R5T.T0131", "..\..\R5T.T0131\source\R5T.T0131\R5T.T0131.csproj", "{20DA49D2-FF7A-4B91-91E0-D8EE14C3B3DF}"
EndProject
Project("{9A19103F-16F7-4668-BE54-9A1E7A4F7556}") = "R5T.T0132", "..\..\R5T.T0132\source\R5T.T0132\R5T.T0132.csproj", "{843635EF-16AA-433B-82C3-181CDA160AF6}"
EndProject
Project("{9A19103F-16F7-4668-BE54-9A1E7A4F7556}") = "R5T.T0142", "..\..\R5T.T0142\source\R5T.T0142\R5T.T0142.csproj", "{F99C98BE-4B4E-487E-BEA7-FB376FD76B69}"
EndProject
Project("{9A19103F-16F7-4668-BE54-9A1E7A4F7556}") = "R5T.T0143", "..\..\R5T.T0143\source\R5T.T0143\R5T.T0143.csproj", "{5975EB20-E761-4851-9DC6-E162156C9FCC}"
EndProject
Project("{9A19103F-16F7-4668-BE54-9A1E7A4F7556}") = "R5T.T0156", "..\..\R5T.T0156\source\R5T.T0156\R5T.T0156.csproj", "{C15D0761-EBC5-4505-9584-851062C873A9}"
EndProject
Project("{9A19103F-16F7-4668-BE54-9A1E7A4F7556}") = "R5T.T0221", "..\..\R5T.T0221\source\R5T.T0221\R5T.T0221.csproj", "{CC719B94-433F-41D2-8CD7-3EAE0C495367}"
EndProject
Project("{9A19103F-16F7-4668-BE54-9A1E7A4F7556}") = "R5T.Y0000", "..\..\R5T.Y0000\source\R5T.Y0000\R5T.Y0000.csproj", "{FD260503-3001-4B62-A3AB-7D39D45A8CB9}"
EndProject
Project("{9A19103F-16F7-4668-BE54-9A1E7A4F7556}") = "R5T.Y0006", "..\..\R5T.Y0006\source\R5T.Y0006\R5T.Y0006.csproj", "{58409CA8-F37F-4F56-844B-FCB50792957B}"
EndProject
Project("{9A19103F-16F7-4668-BE54-9A1E7A4F7556}") = "R5T.Z0000", "..\..\R5T.Z0000\source\R5T.Z0000\R5T.Z0000.csproj", "{8DC0D749-1169-4416-ABFB-07589B663816}"
EndProject
Project("{9A19103F-16F7-4668-BE54-9A1E7A4F7556}") = "R5T.Z0010.Platform", "..\..\R5T.Z0010\source\R5T.Z0010.Platform\R5T.Z0010.Platform.csproj", "{454BD49C-B4AA-4D8C-91F2-BD32DC9B6127}"
EndProject
Project("{9A19103F-16F7-4668-BE54-9A1E7A4F7556}") = "R5T.T0241", "..\..\R5T.T0241\source\R5T.T0241\R5T.T0241.csproj", "{16BE1531-0A01-4EA2-90B9-F8F08CF3A70F}"
EndProject
Project("{9A19103F-16F7-4668-BE54-9A1E7A4F7556}") = "R5T.Z0072.Z000", "..\..\R5T.Z0072\source\R5T.Z0072.Z000\R5T.Z0072.Z000.csproj", "{124DE19D-FEBF-47F6-AA43-165540D67B8F}"
EndProject
Project("{9A19103F-16F7-4668-BE54-9A1E7A4F7556}") = "R5T.Z0072.Z002", "..\..\R5T.Z0072\source\R5T.Z0072.Z002\R5T.Z0072.Z002.csproj", "{88B29455-18F9-4288-A8BC-AC93767BB261}"
EndProject
Global
	GlobalSection(NestedProjects) = preSolution
		{8CF6DBB8-53D3-4974-AB0F-53958A040FAD} = {73D3B7BD-4F4E-44D7-A6A5-C66128510E74}
		{D976DFCC-BD74-403F-9DAE-254EC754B52F} = {73D3B7BD-4F4E-44D7-A6A5-C66128510E74}
		{3C21604E-F955-4549-88D6-4C43A783E876} = {73D3B7BD-4F4E-44D7-A6A5-C66128510E74}
		{22C47EEB-3BD3-44B5-8254-D11A2955E89E} = {73D3B7BD-4F4E-44D7-A6A5-C66128510E74}
		{20DA49D2-FF7A-4B91-91E0-D8EE14C3B3DF} = {73D3B7BD-4F4E-44D7-A6A5-C66128510E74}
		{843635EF-16AA-433B-82C3-181CDA160AF6} = {73D3B7BD-4F4E-44D7-A6A5-C66128510E74}
		{F99C98BE-4B4E-487E-BEA7-FB376FD76B69} = {73D3B7BD-4F4E-44D7-A6A5-C66128510E74}
		{5975EB20-E761-4851-9DC6-E162156C9FCC} = {73D3B7BD-4F4E-44D7-A6A5-C66128510E74}
		{C15D0761-EBC5-4505-9584-851062C873A9} = {73D3B7BD-4F4E-44D7-A6A5-C66128510E74}
		{CC719B94-433F-41D2-8CD7-3EAE0C495367} = {73D3B7BD-4F4E-44D7-A6A5-C66128510E74}
		{FD260503-3001-4B62-A3AB-7D39D45A8CB9} = {73D3B7BD-4F4E-44D7-A6A5-C66128510E74}
		{58409CA8-F37F-4F56-844B-FCB50792957B} = {73D3B7BD-4F4E-44D7-A6A5-C66128510E74}
		{8DC0D749-1169-4416-ABFB-07589B663816} = {73D3B7BD-4F4E-44D7-A6A5-C66128510E74}
		{454BD49C-B4AA-4D8C-91F2-BD32DC9B6127} = {73D3B7BD-4F4E-44D7-A6A5-C66128510E74}
		{16BE1531-0A01-4EA2-90B9-F8F08CF3A70F} = {73D3B7BD-4F4E-44D7-A6A5-C66128510E74}
		{124DE19D-FEBF-47F6-AA43-165540D67B8F} = {73D3B7BD-4F4E-44D7-A6A5-C66128510E74}
		{88B29455-18F9-4288-A8BC-AC93767BB261} = {73D3B7BD-4F4E-44D7-A6A5-C66128510E74}
	EndGlobalSection
	GlobalSection(SolutionConfigurationPlatforms) = preSolution
		Debug|Any CPU = Debug|Any CPU
		Release|Any CPU = Release|Any CPU
	EndGlobalSection
	GlobalSection(ProjectConfigurationPlatforms) = postSolution
		{D5EB94AA-2098-4143-9601-6C711F54D4AC}.Debug|Any CPU.ActiveCfg = Debug|Any CPU
		{D5EB94AA-2098-4143-9601-6C711F54D4AC}.Debug|Any CPU.Build.0 = Debug|Any CPU
		{D5EB94AA-2098-4143-9601-6C711F54D4AC}.Release|Any CPU.ActiveCfg = Release|Any CPU
		{D5EB94AA-2098-4143-9601-6C711F54D4AC}.Release|Any CPU.Build.0 = Release|Any CPU
		{73D4FC3F-1EE1-44A9-8153-51FD60D4CBAD}.Debug|Any CPU.ActiveCfg = Debug|Any CPU
		{73D4FC3F-1EE1-44A9-8153-51FD60D4CBAD}.Debug|Any CPU.Build.0 = Debug|Any CPU
		{73D4FC3F-1EE1-44A9-8153-51FD60D4CBAD}.Release|Any CPU.ActiveCfg = Release|Any CPU
		{73D4FC3F-1EE1-44A9-8153-51FD60D4CBAD}.Release|Any CPU.Build.0 = Release|Any CPU
		{8CF6DBB8-53D3-4974-AB0F-53958A040FAD}.Debug|Any CPU.ActiveCfg = Debug|Any CPU
		{8CF6DBB8-53D3-4974-AB0F-53958A040FAD}.Debug|Any CPU.Build.0 = Debug|Any CPU
		{8CF6DBB8-53D3-4974-AB0F-53958A040FAD}.Release|Any CPU.ActiveCfg = Release|Any CPU
		{8CF6DBB8-53D3-4974-AB0F-53958A040FAD}.Release|Any CPU.Build.0 = Release|Any CPU
		{D976DFCC-BD74-403F-9DAE-254EC754B52F}.Debug|Any CPU.ActiveCfg = Debug|Any CPU
		{D976DFCC-BD74-403F-9DAE-254EC754B52F}.Debug|Any CPU.Build.0 = Debug|Any CPU
		{D976DFCC-BD74-403F-9DAE-254EC754B52F}.Release|Any CPU.ActiveCfg = Release|Any CPU
		{D976DFCC-BD74-403F-9DAE-254EC754B52F}.Release|Any CPU.Build.0 = Release|Any CPU
		{3C21604E-F955-4549-88D6-4C43A783E876}.Debug|Any CPU.ActiveCfg = Debug|Any CPU
		{3C21604E-F955-4549-88D6-4C43A783E876}.Debug|Any CPU.Build.0 = Debug|Any CPU
		{3C21604E-F955-4549-88D6-4C43A783E876}.Release|Any CPU.ActiveCfg = Release|Any CPU
		{3C21604E-F955-4549-88D6-4C43A783E876}.Release|Any CPU.Build.0 = Release|Any CPU
		{22C47EEB-3BD3-44B5-8254-D11A2955E89E}.Debug|Any CPU.ActiveCfg = Debug|Any CPU
		{22C47EEB-3BD3-44B5-8254-D11A2955E89E}.Debug|Any CPU.Build.0 = Debug|Any CPU
		{22C47EEB-3BD3-44B5-8254-D11A2955E89E}.Release|Any CPU.ActiveCfg = Release|Any CPU
		{22C47EEB-3BD3-44B5-8254-D11A2955E89E}.Release|Any CPU.Build.0 = Release|Any CPU
		{20DA49D2-FF7A-4B91-91E0-D8EE14C3B3DF}.Debug|Any CPU.ActiveCfg = Debug|Any CPU
		{20DA49D2-FF7A-4B91-91E0-D8EE14C3B3DF}.Debug|Any CPU.Build.0 = Debug|Any CPU
		{20DA49D2-FF7A-4B91-91E0-D8EE14C3B3DF}.Release|Any CPU.ActiveCfg = Release|Any CPU
		{20DA49D2-FF7A-4B91-91E0-D8EE14C3B3DF}.Release|Any CPU.Build.0 = Release|Any CPU
		{843635EF-16AA-433B-82C3-181CDA160AF6}.Debug|Any CPU.ActiveCfg = Debug|Any CPU
		{843635EF-16AA-433B-82C3-181CDA160AF6}.Debug|Any CPU.Build.0 = Debug|Any CPU
		{843635EF-16AA-433B-82C3-181CDA160AF6}.Release|Any CPU.ActiveCfg = Release|Any CPU
		{843635EF-16AA-433B-82C3-181CDA160AF6}.Release|Any CPU.Build.0 = Release|Any CPU
		{F99C98BE-4B4E-487E-BEA7-FB376FD76B69}.Debug|Any CPU.ActiveCfg = Debug|Any CPU
		{F99C98BE-4B4E-487E-BEA7-FB376FD76B69}.Debug|Any CPU.Build.0 = Debug|Any CPU
		{F99C98BE-4B4E-487E-BEA7-FB376FD76B69}.Release|Any CPU.ActiveCfg = Release|Any CPU
		{F99C98BE-4B4E-487E-BEA7-FB376FD76B69}.Release|Any CPU.Build.0 = Release|Any CPU
		{5975EB20-E761-4851-9DC6-E162156C9FCC}.Debug|Any CPU.ActiveCfg = Debug|Any CPU
		{5975EB20-E761-4851-9DC6-E162156C9FCC}.Debug|Any CPU.Build.0 = Debug|Any CPU
		{5975EB20-E761-4851-9DC6-E162156C9FCC}.Release|Any CPU.ActiveCfg = Release|Any CPU
		{5975EB20-E761-4851-9DC6-E162156C9FCC}.Release|Any CPU.Build.0 = Release|Any CPU
		{C15D0761-EBC5-4505-9584-851062C873A9}.Debug|Any CPU.ActiveCfg = Debug|Any CPU
		{C15D0761-EBC5-4505-9584-851062C873A9}.Debug|Any CPU.Build.0 = Debug|Any CPU
		{C15D0761-EBC5-4505-9584-851062C873A9}.Release|Any CPU.ActiveCfg = Release|Any CPU
		{C15D0761-EBC5-4505-9584-851062C873A9}.Release|Any CPU.Build.0 = Release|Any CPU
		{CC719B94-433F-41D2-8CD7-3EAE0C495367}.Debug|Any CPU.ActiveCfg = Debug|Any CPU
		{CC719B94-433F-41D2-8CD7-3EAE0C495367}.Debug|Any CPU.Build.0 = Debug|Any CPU
		{CC719B94-433F-41D2-8CD7-3EAE0C495367}.Release|Any CPU.ActiveCfg = Release|Any CPU
		{CC719B94-433F-41D2-8CD7-3EAE0C495367}.Release|Any CPU.Build.0 = Release|Any CPU
		{FD260503-3001-4B62-A3AB-7D39D45A8CB9}.Debug|Any CPU.ActiveCfg = Debug|Any CPU
		{FD260503-3001-4B62-A3AB-7D39D45A8CB9}.Debug|Any CPU.Build.0 = Debug|Any CPU
		{FD260503-3001-4B62-A3AB-7D39D45A8CB9}.Release|Any CPU.ActiveCfg = Release|Any CPU
		{FD260503-3001-4B62-A3AB-7D39D45A8CB9}.Release|Any CPU.Build.0 = Release|Any CPU
		{58409CA8-F37F-4F56-844B-FCB50792957B}.Debug|Any CPU.ActiveCfg = Debug|Any CPU
		{58409CA8-F37F-4F56-844B-FCB50792957B}.Debug|Any CPU.Build.0 = Debug|Any CPU
		{58409CA8-F37F-4F56-844B-FCB50792957B}.Release|Any CPU.ActiveCfg = Release|Any CPU
		{58409CA8-F37F-4F56-844B-FCB50792957B}.Release|Any CPU.Build.0 = Release|Any CPU
		{8DC0D749-1169-4416-ABFB-07589B663816}.Debug|Any CPU.ActiveCfg = Debug|Any CPU
		{8DC0D749-1169-4416-ABFB-07589B663816}.Debug|Any CPU.Build.0 = Debug|Any CPU
		{8DC0D749-1169-4416-ABFB-07589B663816}.Release|Any CPU.ActiveCfg = Release|Any CPU
		{8DC0D749-1169-4416-ABFB-07589B663816}.Release|Any CPU.Build.0 = Release|Any CPU
		{454BD49C-B4AA-4D8C-91F2-BD32DC9B6127}.Debug|Any CPU.ActiveCfg = Debug|Any CPU
		{454BD49C-B4AA-4D8C-91F2-BD32DC9B6127}.Debug|Any CPU.Build.0 = Debug|Any CPU
		{454BD49C-B4AA-4D8C-91F2-BD32DC9B6127}.Release|Any CPU.ActiveCfg = Release|Any CPU
		{454BD49C-B4AA-4D8C-91F2-BD32DC9B6127}.Release|Any CPU.Build.0 = Release|Any CPU
		{16BE1531-0A01-4EA2-90B9-F8F08CF3A70F}.Debug|Any CPU.ActiveCfg = Debug|Any CPU
		{16BE1531-0A01-4EA2-90B9-F8F08CF3A70F}.Debug|Any CPU.Build.0 = Debug|Any CPU
		{16BE1531-0A01-4EA2-90B9-F8F08CF3A70F}.Release|Any CPU.ActiveCfg = Release|Any CPU
		{16BE1531-0A01-4EA2-90B9-F8F08CF3A70F}.Release|Any CPU.Build.0 = Release|Any CPU
		{124DE19D-FEBF-47F6-AA43-165540D67B8F}.Debug|Any CPU.ActiveCfg = Debug|Any CPU
		{124DE19D-FEBF-47F6-AA43-165540D67B8F}.Debug|Any CPU.Build.0 = Debug|Any CPU
		{124DE19D-FEBF-47F6-AA43-165540D67B8F}.Release|Any CPU.ActiveCfg = Release|Any CPU
		{124DE19D-FEBF-47F6-AA43-165540D67B8F}.Release|Any CPU.Build.0 = Release|Any CPU
		{88B29455-18F9-4288-A8BC-AC93767BB261}.Debug|Any CPU.ActiveCfg = Debug|Any CPU
		{88B29455-18F9-4288-A8BC-AC93767BB261}.Debug|Any CPU.Build.0 = Debug|Any CPU
		{88B29455-18F9-4288-A8BC-AC93767BB261}.Release|Any CPU.ActiveCfg = Release|Any CPU
		{88B29455-18F9-4288-A8BC-AC93767BB261}.Release|Any CPU.Build.0 = Release|Any CPU
	EndGlobalSection
	GlobalSection(SolutionProperties) = preSolution
		HideSolutionNode = FALSE
	EndGlobalSection
	GlobalSection(ExtensibilityGlobals) = postSolution
		SolutionGuid = {4BD74DD1-D1C4-4E10-8F02-84068A475F0D}
	EndGlobalSection
EndGlobal
