
Microsoft Visual Studio Solution File, Format Version 12.00
# Visual Studio Version 17
VisualStudioVersion = 17.2.32630.192
MinimumVisualStudioVersion = 10.0.40219.1
Project("{9A19103F-16F7-4668-BE54-9A1E7A4F7556}") = "R5T.F0050", "R5T.F0050\R5T.F0050.csproj", "{FE607810-EA2B-4BD4-BF26-A77EFCC3D1CD}"
EndProject
Global
	GlobalSection(SolutionConfigurationPlatforms) = preSolution
		Debug|Any CPU = Debug|Any CPU
		Release|Any CPU = Release|Any CPU
	EndGlobalSection
	GlobalSection(ProjectConfigurationPlatforms) = postSolution
		{FE607810-EA2B-4BD4-BF26-A77EFCC3D1CD}.Debug|Any CPU.ActiveCfg = Debug|Any CPU
		{FE607810-EA2B-4BD4-BF26-A77EFCC3D1CD}.Debug|Any CPU.Build.0 = Debug|Any CPU
		{FE607810-EA2B-4BD4-BF26-A77EFCC3D1CD}.Release|Any CPU.ActiveCfg = Release|Any CPU
		{FE607810-EA2B-4BD4-BF26-A77EFCC3D1CD}.Release|Any CPU.Build.0 = Release|Any CPU
	EndGlobalSection
	GlobalSection(SolutionProperties) = preSolution
		HideSolutionNode = FALSE
	EndGlobalSection
	GlobalSection(ExtensibilityGlobals) = postSolution
		SolutionGuid = {A1A5F5A6-040D-4076-95FD-B210939BFB08}
	EndGlobalSection
EndGlobal
